{
  "name": "j-templates-docs",
  "version": "1.0.0",
  "lockfileVersion": 1,
  "requires": true,
  "dependencies": {
    "j-templates": {
      "version": "4.0.2",
      "resolved": "https://registry.npmjs.org/j-templates/-/j-templates-4.0.2.tgz",
      "integrity": "sha512-OtunLm0vHYM/yj0nvVpafdLZHHx2ItBNuHdSlPg/mxt3cV9y16mTOZJiVi/MBtHZk634F9Ht81rR/xhHzBD1og==",
      "dev": true
    }
  }
}
