{
  "name": "j-templates-docs",
  "version": "1.0.0",
  "lockfileVersion": 1,
  "requires": true,
  "dependencies": {
    "j-templates": {
      "version": "3.0.29",
      "resolved": "https://registry.npmjs.org/j-templates/-/j-templates-3.0.29.tgz",
      "integrity": "sha512-5hdzEu53jg7CWquChov7pxT4w+VP9oGnSfvjEDs6BH4f6NLEh1PzAPER5ET4t+Z1xZag8nkofFdslzp5CQ54Qw==",
      "dev": true
    }
  }
}
