{
  "name": "j-templates-docs",
  "version": "1.0.0",
  "lockfileVersion": 1,
  "requires": true,
  "dependencies": {
    "j-templates": {
      "version": "4.0.74",
      "resolved": "https://registry.npmjs.org/j-templates/-/j-templates-4.0.74.tgz",
      "integrity": "sha512-pRajmREMd9jYukrkBD32Ijw5Uz50wnz2Si0Xced72mJKp3/WrY99n5DgA6uecKyHvoP7UoM8uBd8cYylPAx6xQ==",
      "dev": true
    }
  }
}
